
Microsoft Visual Studio Solution File, Format Version 12.00
# Visual Studio Version 17
VisualStudioVersion = 17.3.32819.101
MinimumVisualStudioVersion = 10.0.40219.1
Project("{9A19103F-16F7-4668-BE54-9A1E7A4F7556}") = "SecretNET.SNIP20", "SecretNET.SNIP20.csproj", "{32DB7E60-8028-42BA-AC65-292C8204B814}"
EndProject
Global
	GlobalSection(SolutionConfigurationPlatforms) = preSolution
		Debug|Any CPU = Debug|Any CPU
		Release|Any CPU = Release|Any CPU
	EndGlobalSection
	GlobalSection(ProjectConfigurationPlatforms) = postSolution
		{32DB7E60-8028-42BA-AC65-292C8204B814}.Debug|Any CPU.ActiveCfg = Debug|Any CPU
		{32DB7E60-8028-42BA-AC65-292C8204B814}.Debug|Any CPU.Build.0 = Debug|Any CPU
		{32DB7E60-8028-42BA-AC65-292C8204B814}.Release|Any CPU.ActiveCfg = Release|Any CPU
		{32DB7E60-8028-42BA-AC65-292C8204B814}.Release|Any CPU.Build.0 = Release|Any CPU
	EndGlobalSection
	GlobalSection(SolutionProperties) = preSolution
		HideSolutionNode = FALSE
	EndGlobalSection
	GlobalSection(ExtensibilityGlobals) = postSolution
		SolutionGuid = {EDE5AE2B-39C1-4113-B5D9-D69EDDCA7704}
	EndGlobalSection
EndGlobal
